
Microsoft Visual Studio Solution File, Format Version 12.00
# Visual Studio Version 16
VisualStudioVersion = 16.0.29324.140
MinimumVisualStudioVersion = 10.0.40219.1
Project("{FAE04EC0-301F-11D3-BF4B-00C04F79EFBC}") = "TriangleTests", "TriangleTests\TriangleTests.csproj", "{271A48E5-D02E-40F6-B0F4-79DE53BCA105}"
EndProject
Project("{FAE04EC0-301F-11D3-BF4B-00C04F79EFBC}") = "Triangle", "Triangle\Triangle.csproj", "{5F98570F-68EC-42D9-ADEA-24BE6BBE716F}"
EndProject
Global
	GlobalSection(SolutionConfigurationPlatforms) = preSolution
		Debug|Any CPU = Debug|Any CPU
		Release|Any CPU = Release|Any CPU
	EndGlobalSection
	GlobalSection(ProjectConfigurationPlatforms) = postSolution
		{271A48E5-D02E-40F6-B0F4-79DE53BCA105}.Debug|Any CPU.ActiveCfg = Debug|Any CPU
		{271A48E5-D02E-40F6-B0F4-79DE53BCA105}.Debug|Any CPU.Build.0 = Debug|Any CPU
		{271A48E5-D02E-40F6-B0F4-79DE53BCA105}.Release|Any CPU.ActiveCfg = Release|Any CPU
		{271A48E5-D02E-40F6-B0F4-79DE53BCA105}.Release|Any CPU.Build.0 = Release|Any CPU
		{5F98570F-68EC-42D9-ADEA-24BE6BBE716F}.Debug|Any CPU.ActiveCfg = Debug|Any CPU
		{5F98570F-68EC-42D9-ADEA-24BE6BBE716F}.Debug|Any CPU.Build.0 = Debug|Any CPU
		{5F98570F-68EC-42D9-ADEA-24BE6BBE716F}.Release|Any CPU.ActiveCfg = Release|Any CPU
		{5F98570F-68EC-42D9-ADEA-24BE6BBE716F}.Release|Any CPU.Build.0 = Release|Any CPU
	EndGlobalSection
	GlobalSection(SolutionProperties) = preSolution
		HideSolutionNode = FALSE
	EndGlobalSection
	GlobalSection(ExtensibilityGlobals) = postSolution
		SolutionGuid = {DE6F979A-F7C9-4A66-A903-709D22FE1B41}
	EndGlobalSection
EndGlobal
